
Microsoft Visual Studio Solution File, Format Version 12.00
# Visual Studio Version 16
VisualStudioVersion = 16.0.28803.202
MinimumVisualStudioVersion = 10.0.40219.1
Project("{FAE04EC0-301F-11D3-BF4B-00C04F79EFBC}") = "RUNSONIC", "RUNSONIC\RUNSONIC.csproj", "{FD95D458-B9C4-47CA-9A6C-3CBDCBE7121D}"
EndProject
Global
	GlobalSection(SolutionConfigurationPlatforms) = preSolution
		Debug|Any CPU = Debug|Any CPU
		Release|Any CPU = Release|Any CPU
	EndGlobalSection
	GlobalSection(ProjectConfigurationPlatforms) = postSolution
		{FD95D458-B9C4-47CA-9A6C-3CBDCBE7121D}.Debug|Any CPU.ActiveCfg = Debug|Any CPU
		{FD95D458-B9C4-47CA-9A6C-3CBDCBE7121D}.Debug|Any CPU.Build.0 = Debug|Any CPU
		{FD95D458-B9C4-47CA-9A6C-3CBDCBE7121D}.Release|Any CPU.ActiveCfg = Release|Any CPU
		{FD95D458-B9C4-47CA-9A6C-3CBDCBE7121D}.Release|Any CPU.Build.0 = Release|Any CPU
	EndGlobalSection
	GlobalSection(SolutionProperties) = preSolution
		HideSolutionNode = FALSE
	EndGlobalSection
	GlobalSection(ExtensibilityGlobals) = postSolution
		SolutionGuid = {F6B1943A-43F2-4131-9169-05D33210A418}
	EndGlobalSection
EndGlobal
